
Microsoft Visual Studio Solution File, Format Version 12.00
# Visual Studio 15
VisualStudioVersion = 15.0.27004.2010
MinimumVisualStudioVersion = 10.0.40219.1
Project("{FAE04EC0-301F-11D3-BF4B-00C04F79EFBC}") = "SQLQuery example", "SQLQuery example\SQLQuery example.csproj", "{EE2EF96B-B6AF-45F3-9EB0-A24ABE932BF6}"
EndProject
Global
	GlobalSection(SolutionConfigurationPlatforms) = preSolution
		Debug|Any CPU = Debug|Any CPU
		Release|Any CPU = Release|Any CPU
	EndGlobalSection
	GlobalSection(ProjectConfigurationPlatforms) = postSolution
		{EE2EF96B-B6AF-45F3-9EB0-A24ABE932BF6}.Debug|Any CPU.ActiveCfg = Debug|Any CPU
		{EE2EF96B-B6AF-45F3-9EB0-A24ABE932BF6}.Debug|Any CPU.Build.0 = Debug|Any CPU
		{EE2EF96B-B6AF-45F3-9EB0-A24ABE932BF6}.Release|Any CPU.ActiveCfg = Release|Any CPU
		{EE2EF96B-B6AF-45F3-9EB0-A24ABE932BF6}.Release|Any CPU.Build.0 = Release|Any CPU
	EndGlobalSection
	GlobalSection(SolutionProperties) = preSolution
		HideSolutionNode = FALSE
	EndGlobalSection
	GlobalSection(ExtensibilityGlobals) = postSolution
		SolutionGuid = {BC2E639C-D406-4FA0-9437-C0D02DD005EE}
	EndGlobalSection
EndGlobal
